
Microsoft Visual Studio Solution File, Format Version 12.00
# Visual Studio Version 17
VisualStudioVersion = 17.6.33723.286
MinimumVisualStudioVersion = 10.0.40219.1
Project("{9A19103F-16F7-4668-BE54-9A1E7A4F7556}") = "URLShortening.API", "URLShortening.API\URLShortening.API.csproj", "{93CB932F-33DC-4804-AA9E-B2706E4824F3}"
EndProject
Project("{9A19103F-16F7-4668-BE54-9A1E7A4F7556}") = "URLShortening.DAL", "URLShortening.DAL\URLShortening.DAL.csproj", "{BA0CFEC9-0AC0-4EA7-A97C-E770A974F4F7}"
EndProject
Project("{9A19103F-16F7-4668-BE54-9A1E7A4F7556}") = "URLShortening.Service", "URLShortening.Service\URLShortening.Service.csproj", "{6AF3AA16-3EF1-486A-B9F0-83432D929F65}"
EndProject
Project("{2150E333-8FDC-42A3-9474-1A3956D46DE8}") = "Solution Items", "Solution Items", "{9EF7B93B-622B-4A90-89F3-3E04207A5D91}"
	ProjectSection(SolutionItems) = preProject
		README.md = README.md
	EndProjectSection
EndProject
Global
	GlobalSection(SolutionConfigurationPlatforms) = preSolution
		Debug|Any CPU = Debug|Any CPU
		Release|Any CPU = Release|Any CPU
	EndGlobalSection
	GlobalSection(ProjectConfigurationPlatforms) = postSolution
		{93CB932F-33DC-4804-AA9E-B2706E4824F3}.Debug|Any CPU.ActiveCfg = Debug|Any CPU
		{93CB932F-33DC-4804-AA9E-B2706E4824F3}.Debug|Any CPU.Build.0 = Debug|Any CPU
		{93CB932F-33DC-4804-AA9E-B2706E4824F3}.Release|Any CPU.ActiveCfg = Release|Any CPU
		{93CB932F-33DC-4804-AA9E-B2706E4824F3}.Release|Any CPU.Build.0 = Release|Any CPU
		{BA0CFEC9-0AC0-4EA7-A97C-E770A974F4F7}.Debug|Any CPU.ActiveCfg = Debug|Any CPU
		{BA0CFEC9-0AC0-4EA7-A97C-E770A974F4F7}.Debug|Any CPU.Build.0 = Debug|Any CPU
		{BA0CFEC9-0AC0-4EA7-A97C-E770A974F4F7}.Release|Any CPU.ActiveCfg = Release|Any CPU
		{BA0CFEC9-0AC0-4EA7-A97C-E770A974F4F7}.Release|Any CPU.Build.0 = Release|Any CPU
		{6AF3AA16-3EF1-486A-B9F0-83432D929F65}.Debug|Any CPU.ActiveCfg = Debug|Any CPU
		{6AF3AA16-3EF1-486A-B9F0-83432D929F65}.Debug|Any CPU.Build.0 = Debug|Any CPU
		{6AF3AA16-3EF1-486A-B9F0-83432D929F65}.Release|Any CPU.ActiveCfg = Release|Any CPU
		{6AF3AA16-3EF1-486A-B9F0-83432D929F65}.Release|Any CPU.Build.0 = Release|Any CPU
	EndGlobalSection
	GlobalSection(SolutionProperties) = preSolution
		HideSolutionNode = FALSE
	EndGlobalSection
	GlobalSection(ExtensibilityGlobals) = postSolution
		SolutionGuid = {8AA21581-3A3A-4C27-B395-BFCAB9CEEE09}
	EndGlobalSection
EndGlobal
